// !$*UTF8*$!
{
	archiveVersion = 1;
	classes = {
	};
	objectVersion = 56;
	objects = {

/* Begin PBXBuildFile section */
		D9A74CD52B1AC0700012132A /* AppDelegate.swift in Sources */ = {isa = PBXBuildFile; fileRef = D9A74CD42B1AC0700012132A /* AppDelegate.swift */; };
		D9A74CD72B1AC0700012132A /* SceneDelegate.swift in Sources */ = {isa = PBXBuildFile; fileRef = D9A74CD62B1AC0700012132A /* SceneDelegate.swift */; };
		D9A74CD92B1AC0700012132A /* ViewController.swift in Sources */ = {isa = PBXBuildFile; fileRef = D9A74CD82B1AC0700012132A /* ViewController.swift */; };
		D9A74CDC2B1AC0700012132A /* Main.storyboard in Resources */ = {isa = PBXBuildFile; fileRef = D9A74CDA2B1AC0700012132A /* Main.storyboard */; };
		D9A74CDE2B1AC0700012132A /* Assets.xcassets in Resources */ = {isa = PBXBuildFile; fileRef = D9A74CDD2B1AC0700012132A /* Assets.xcassets */; };
		D9A74CE12B1AC0700012132A /* LaunchScreen.storyboard in Resources */ = {isa = PBXBuildFile; fileRef = D9A74CDF2B1AC0700012132A /* LaunchScreen.storyboard */; };
		D9A74CF12B1AC09D0012132A /* A00MetricKitUITestsLaunchTests.swift in Sources */ = {isa = PBXBuildFile; fileRef = D9A74CF02B1AC09D0012132A /* A00MetricKitUITestsLaunchTests.swift */; };
/* End PBXBuildFile section */

/* Begin PBXContainerItemProxy section */
		D9A74CF22B1AC09D0012132A /* PBXContainerItemProxy */ = {
			isa = PBXContainerItemProxy;
			containerPortal = D9A74CC92B1AC0700012132A /* Project object */;
			proxyType = 1;
			remoteGlobalIDString = D9A74CD02B1AC0700012132A;
			remoteInfo = A00MetricKit;
		};
/* End PBXContainerItemProxy section */

/* Begin PBXFileReference section */
		D9A74CD12B1AC0700012132A /* A00MetricKit.app */ = {isa = PBXFileReference; explicitFileType = wrapper.application; includeInIndex = 0; path = A00MetricKit.app; sourceTree = BUILT_PRODUCTS_DIR; };
		D9A74CD42B1AC0700012132A /* AppDelegate.swift */ = {isa = PBXFileReference; lastKnownFileType = sourcecode.swift; path = AppDelegate.swift; sourceTree = "<group>"; };
		D9A74CD62B1AC0700012132A /* SceneDelegate.swift */ = {isa = PBXFileReference; lastKnownFileType = sourcecode.swift; path = SceneDelegate.swift; sourceTree = "<group>"; };
		D9A74CD82B1AC0700012132A /* ViewController.swift */ = {isa = PBXFileReference; lastKnownFileType = sourcecode.swift; path = ViewController.swift; sourceTree = "<group>"; };
		D9A74CDB2B1AC0700012132A /* Base */ = {isa = PBXFileReference; lastKnownFileType = file.storyboard; name = Base; path = Base.lproj/Main.storyboard; sourceTree = "<group>"; };
		D9A74CDD2B1AC0700012132A /* Assets.xcassets */ = {isa = PBXFileReference; lastKnownFileType = folder.assetcatalog; path = Assets.xcassets; sourceTree = "<group>"; };
		D9A74CE02B1AC0700012132A /* Base */ = {isa = PBXFileReference; lastKnownFileType = file.storyboard; name = Base; path = Base.lproj/LaunchScreen.storyboard; sourceTree = "<group>"; };
		D9A74CE22B1AC0700012132A /* Info.plist */ = {isa = PBXFileReference; lastKnownFileType = text.plist.xml; path = Info.plist; sourceTree = "<group>"; };
		D9A74CEC2B1AC09D0012132A /* A00MetricKitUITests.xctest */ = {isa = PBXFileReference; explicitFileType = wrapper.cfbundle; includeInIndex = 0; path = A00MetricKitUITests.xctest; sourceTree = BUILT_PRODUCTS_DIR; };
		D9A74CF02B1AC09D0012132A /* A00MetricKitUITestsLaunchTests.swift */ = {isa = PBXFileReference; lastKnownFileType = sourcecode.swift; path = A00MetricKitUITestsLaunchTests.swift; sourceTree = "<group>"; };
/* End PBXFileReference section */

/* Begin PBXFrameworksBuildPhase section */
		D9A74CCE2B1AC0700012132A /* Frameworks */ = {
			isa = PBXFrameworksBuildPhase;
			buildActionMask = 2147483647;
			files = (
			);
			runOnlyForDeploymentPostprocessing = 0;
		};
		D9A74CE92B1AC09D0012132A /* Frameworks */ = {
			isa = PBXFrameworksBuildPhase;
			buildActionMask = 2147483647;
			files = (
			);
			runOnlyForDeploymentPostprocessing = 0;
		};
/* End PBXFrameworksBuildPhase section */

/* Begin PBXGroup section */
		D9A74CC82B1AC0700012132A = {
			isa = PBXGroup;
			children = (
				D9A74CD32B1AC0700012132A /* A00MetricKit */,
				D9A74CED2B1AC09D0012132A /* A00MetricKitUITests */,
				D9A74CD22B1AC0700012132A /* Products */,
			);
			sourceTree = "<group>";
		};
		D9A74CD22B1AC0700012132A /* Products */ = {
			isa = PBXGroup;
			children = (
				D9A74CD12B1AC0700012132A /* A00MetricKit.app */,
				D9A74CEC2B1AC09D0012132A /* A00MetricKitUITests.xctest */,
			);
			name = Products;
			sourceTree = "<group>";
		};
		D9A74CD32B1AC0700012132A /* A00MetricKit */ = {
			isa = PBXGroup;
			children = (
				D9A74CD42B1AC0700012132A /* AppDelegate.swift */,
				D9A74CD62B1AC0700012132A /* SceneDelegate.swift */,
				D9A74CD82B1AC0700012132A /* ViewController.swift */,
				D9A74CDA2B1AC0700012132A /* Main.storyboard */,
				D9A74CDD2B1AC0700012132A /* Assets.xcassets */,
				D9A74CDF2B1AC0700012132A /* LaunchScreen.storyboard */,
				D9A74CE22B1AC0700012132A /* Info.plist */,
			);
			path = A00MetricKit;
			sourceTree = "<group>";
		};
		D9A74CED2B1AC09D0012132A /* A00MetricKitUITests */ = {
			isa = PBXGroup;
			children = (
				D9A74CF02B1AC09D0012132A /* A00MetricKitUITestsLaunchTests.swift */,
			);
			path = A00MetricKitUITests;
			sourceTree = "<group>";
		};
/* End PBXGroup section */

/* Begin PBXNativeTarget section */
		D9A74CD02B1AC0700012132A /* A00MetricKit */ = {
			isa = PBXNativeTarget;
			buildConfigurationList = D9A74CE52B1AC0700012132A /* Build configuration list for PBXNativeTarget "A00MetricKit" */;
			buildPhases = (
				D9A74CCD2B1AC0700012132A /* Sources */,
				D9A74CCE2B1AC0700012132A /* Frameworks */,
				D9A74CCF2B1AC0700012132A /* Resources */,
			);
			buildRules = (
			);
			dependencies = (
			);
			name = A00MetricKit;
			productName = A00MetricKit;
			productReference = D9A74CD12B1AC0700012132A /* A00MetricKit.app */;
			productType = "com.apple.product-type.application";
		};
		D9A74CEB2B1AC09D0012132A /* A00MetricKitUITests */ = {
			isa = PBXNativeTarget;
			buildConfigurationList = D9A74CF62B1AC09D0012132A /* Build configuration list for PBXNativeTarget "A00MetricKitUITests" */;
			buildPhases = (
				D9A74CE82B1AC09D0012132A /* Sources */,
				D9A74CE92B1AC09D0012132A /* Frameworks */,
				D9A74CEA2B1AC09D0012132A /* Resources */,
			);
			buildRules = (
			);
			dependencies = (
				D9A74CF32B1AC09D0012132A /* PBXTargetDependency */,
			);
			name = A00MetricKitUITests;
			productName = A00MetricKitUITests;
			productReference = D9A74CEC2B1AC09D0012132A /* A00MetricKitUITests.xctest */;
			productType = "com.apple.product-type.bundle.ui-testing";
		};
/* End PBXNativeTarget section */

/* Begin PBXProject section */
		D9A74CC92B1AC0700012132A /* Project object */ = {
			isa = PBXProject;
			attributes = {
				BuildIndependentTargetsInParallel = 1;
				LastSwiftUpdateCheck = 1430;
				LastUpgradeCheck = 1430;
				TargetAttributes = {
					D9A74CD02B1AC0700012132A = {
						CreatedOnToolsVersion = 14.3.1;
					};
					D9A74CEB2B1AC09D0012132A = {
						CreatedOnToolsVersion = 14.3.1;
						TestTargetID = D9A74CD02B1AC0700012132A;
					};
				};
			};
			buildConfigurationList = D9A74CCC2B1AC0700012132A /* Build configuration list for PBXProject "A00MetricKit" */;
			compatibilityVersion = "Xcode 14.0";
			developmentRegion = en;
			hasScannedForEncodings = 0;
			knownRegions = (
				en,
				Base,
			);
			mainGroup = D9A74CC82B1AC0700012132A;
			productRefGroup = D9A74CD22B1AC0700012132A /* Products */;
			projectDirPath = "";
			projectRoot = "";
			targets = (
				D9A74CD02B1AC0700012132A /* A00MetricKit */,
				D9A74CEB2B1AC09D0012132A /* A00MetricKitUITests */,
			);
		};
/* End PBXProject section */

/* Begin PBXResourcesBuildPhase section */
		D9A74CCF2B1AC0700012132A /* Resources */ = {
			isa = PBXResourcesBuildPhase;
			buildActionMask = 2147483647;
			files = (
				D9A74CE12B1AC0700012132A /* LaunchScreen.storyboard in Resources */,
				D9A74CDE2B1AC0700012132A /* Assets.xcassets in Resources */,
				D9A74CDC2B1AC0700012132A /* Main.storyboard in Resources */,
			);
			runOnlyForDeploymentPostprocessing = 0;
		};
		D9A74CEA2B1AC09D0012132A /* Resources */ = {
			isa = PBXResourcesBuildPhase;
			buildActionMask = 2147483647;
			files = (
			);
			runOnlyForDeploymentPostprocessing = 0;
		};
/* End PBXResourcesBuildPhase section */

/* Begin PBXSourcesBuildPhase section */
		D9A74CCD2B1AC0700012132A /* Sources */ = {
			isa = PBXSourcesBuildPhase;
			buildActionMask = 2147483647;
			files = (
				D9A74CD92B1AC0700012132A /* ViewController.swift in Sources */,
				D9A74CD52B1AC0700012132A /* AppDelegate.swift in Sources */,
				D9A74CD72B1AC0700012132A /* SceneDelegate.swift in Sources */,
			);
			runOnlyForDeploymentPostprocessing = 0;
		};
		D9A74CE82B1AC09D0012132A /* Sources */ = {
			isa = PBXSourcesBuildPhase;
			buildActionMask = 2147483647;
			files = (
				D9A74CF12B1AC09D0012132A /* A00MetricKitUITestsLaunchTests.swift in Sources */,
			);
			runOnlyForDeploymentPostprocessing = 0;
		};
/* End PBXSourcesBuildPhase section */

/* Begin PBXTargetDependency section */
		D9A74CF32B1AC09D0012132A /* PBXTargetDependency */ = {
			isa = PBXTargetDependency;
			target = D9A74CD02B1AC0700012132A /* A00MetricKit */;
			targetProxy = D9A74CF22B1AC09D0012132A /* PBXContainerItemProxy */;
		};
/* End PBXTargetDependency section */

/* Begin PBXVariantGroup section */
		D9A74CDA2B1AC0700012132A /* Main.storyboard */ = {
			isa = PBXVariantGroup;
			children = (
				D9A74CDB2B1AC0700012132A /* Base */,
			);
			name = Main.storyboard;
			sourceTree = "<group>";
		};
		D9A74CDF2B1AC0700012132A /* LaunchScreen.storyboard */ = {
			isa = PBXVariantGroup;
			children = (
				D9A74CE02B1AC0700012132A /* Base */,
			);
			name = LaunchScreen.storyboard;
			sourceTree = "<group>";
		};
/* End PBXVariantGroup section */

/* Begin XCBuildConfiguration section */
		D9A74CE32B1AC0700012132A /* Debug */ = {
			isa = XCBuildConfiguration;
			buildSettings = {
				ALWAYS_SEARCH_USER_PATHS = NO;
				CLANG_ANALYZER_NONNULL = YES;
				CLANG_ANALYZER_NUMBER_OBJECT_CONVERSION = YES_AGGRESSIVE;
				CLANG_CXX_LANGUAGE_STANDARD = "gnu++20";
				CLANG_ENABLE_MODULES = YES;
				CLANG_ENABLE_OBJC_ARC = YES;
				CLANG_ENABLE_OBJC_WEAK = YES;
				CLANG_WARN_BLOCK_CAPTURE_AUTORELEASING = YES;
				CLANG_WARN_BOOL_CONVERSION = YES;
				CLANG_WARN_COMMA = YES;
				CLANG_WARN_CONSTANT_CONVERSION = YES;
				CLANG_WARN_DEPRECATED_OBJC_IMPLEMENTATIONS = YES;
				CLANG_WARN_DIRECT_OBJC_ISA_USAGE = YES_ERROR;
				CLANG_WARN_DOCUMENTATION_COMMENTS = YES;
				CLANG_WARN_EMPTY_BODY = YES;
				CLANG_WARN_ENUM_CONVERSION = YES;
				CLANG_WARN_INFINITE_RECURSION = YES;
				CLANG_WARN_INT_CONVERSION = YES;
				CLANG_WARN_NON_LITERAL_NULL_CONVERSION = YES;
				CLANG_WARN_OBJC_IMPLICIT_RETAIN_SELF = YES;
				CLANG_WARN_OBJC_LITERAL_CONVERSION = YES;
				CLANG_WARN_OBJC_ROOT_CLASS = YES_ERROR;
				CLANG_WARN_QUOTED_INCLUDE_IN_FRAMEWORK_HEADER = YES;
				CLANG_WARN_RANGE_LOOP_ANALYSIS = YES;
				CLANG_WARN_STRICT_PROTOTYPES = YES;
				CLANG_WARN_SUSPICIOUS_MOVE = YES;
				CLANG_WARN_UNGUARDED_AVAILABILITY = YES_AGGRESSIVE;
				CLANG_WARN_UNREACHABLE_CODE = YES;
				CLANG_WARN__DUPLICATE_METHOD_MATCH = YES;
				COPY_PHASE_STRIP = NO;
				DEBUG_INFORMATION_FORMAT = dwarf;
				ENABLE_STRICT_OBJC_MSGSEND = YES;
				ENABLE_TESTABILITY = YES;
				GCC_C_LANGUAGE_STANDARD = gnu11;
				GCC_DYNAMIC_NO_PIC = NO;
				GCC_NO_COMMON_BLOCKS = YES;
				GCC_OPTIMIZATION_LEVEL = 0;
				GCC_PREPROCESSOR_DEFINITIONS = (
					"DEBUG=1",
					"$(inherited)",
				);
				GCC_WARN_64_TO_32_BIT_CONVERSION = YES;
				GCC_WARN_ABOUT_RETURN_TYPE = YES_ERROR;
				GCC_WARN_UNDECLARED_SELECTOR = YES;
				GCC_WARN_UNINITIALIZED_AUTOS = YES_AGGRESSIVE;
				GCC_WARN_UNUSED_FUNCTION = YES;
				GCC_WARN_UNUSED_VARIABLE = YES;
				IPHONEOS_DEPLOYMENT_TARGET = 13.0;
				MTL_ENABLE_DEBUG_INFO = INCLUDE_SOURCE;
				MTL_FAST_MATH = YES;
				ONLY_ACTIVE_ARCH = YES;
				SDKROOT = iphoneos;
				SWIFT_ACTIVE_COMPILATION_CONDITIONS = DEBUG;
				SWIFT_OPTIMIZATION_LEVEL = "-Onone";
			};
			name = Debug;
		};
		D9A74CE42B1AC0700012132A /* Release */ = {
			isa = XCBuildConfiguration;
			buildSettings = {
				ALWAYS_SEARCH_USER_PATHS = NO;
				CLANG_ANALYZER_NONNULL = YES;
				CLANG_ANALYZER_NUMBER_OBJECT_CONVERSION = YES_AGGRESSIVE;
				CLANG_CXX_LANGUAGE_STANDARD = "gnu++20";
				CLANG_ENABLE_MODULES = YES;
				CLANG_ENABLE_OBJC_ARC = YES;
				CLANG_ENABLE_OBJC_WEAK = YES;
				CLANG_WARN_BLOCK_CAPTURE_AUTORELEASING = YES;
				CLANG_WARN_BOOL_CONVERSION = YES;
				CLANG_WARN_COMMA = YES;
				CLANG_WARN_CONSTANT_CONVERSION = YES;
				CLANG_WARN_DEPRECATED_OBJC_IMPLEMENTATIONS = YES;
				CLANG_WARN_DIRECT_OBJC_ISA_USAGE = YES_ERROR;
				CLANG_WARN_DOCUMENTATION_COMMENTS = YES;
				CLANG_WARN_EMPTY_BODY = YES;
				CLANG_WARN_ENUM_CONVERSION = YES;
				CLANG_WARN_INFINITE_RECURSION = YES;
				CLANG_WARN_INT_CONVERSION = YES;
				CLANG_WARN_NON_LITERAL_NULL_CONVERSION = YES;
				CLANG_WARN_OBJC_IMPLICIT_RETAIN_SELF = YES;
				CLANG_WARN_OBJC_LITERAL_CONVERSION = YES;
				CLANG_WARN_OBJC_ROOT_CLASS = YES_ERROR;
				CLANG_WARN_QUOTED_INCLUDE_IN_FRAMEWORK_HEADER = YES;
				CLANG_WARN_RANGE_LOOP_ANALYSIS = YES;
				CLANG_WARN_STRICT_PROTOTYPES = YES;
				CLANG_WARN_SUSPICIOUS_MOVE = YES;
				CLANG_WARN_UNGUARDED_AVAILABILITY = YES_AGGRESSIVE;
				CLANG_WARN_UNREACHABLE_CODE = YES;
				CLANG_WARN__DUPLICATE_METHOD_MATCH = YES;
				COPY_PHASE_STRIP = NO;
				DEBUG_INFORMATION_FORMAT = "dwarf-with-dsym";
				ENABLE_NS_ASSERTIONS = NO;
				ENABLE_STRICT_OBJC_MSGSEND = YES;
				GCC_C_LANGUAGE_STANDARD = gnu11;
				GCC_NO_COMMON_BLOCKS = YES;
				GCC_WARN_64_TO_32_BIT_CONVERSION = YES;
				GCC_WARN_ABOUT_RETURN_TYPE = YES_ERROR;
				GCC_WARN_UNDECLARED_SELECTOR = YES;
				GCC_WARN_UNINITIALIZED_AUTOS = YES_AGGRESSIVE;
				GCC_WARN_UNUSED_FUNCTION = YES;
				GCC_WARN_UNUSED_VARIABLE = YES;
				IPHONEOS_DEPLOYMENT_TARGET = 13.0;
				MTL_ENABLE_DEBUG_INFO = NO;
				MTL_FAST_MATH = YES;
				SDKROOT = iphoneos;
				SWIFT_COMPILATION_MODE = wholemodule;
				SWIFT_OPTIMIZATION_LEVEL = "-O";
				VALIDATE_PRODUCT = YES;
			};
			name = Release;
		};
		D9A74CE62B1AC0700012132A /* Debug */ = {
			isa = XCBuildConfiguration;
			buildSettings = {
				ASSETCATALOG_COMPILER_APPICON_NAME = AppIcon;
				ASSETCATALOG_COMPILER_GLOBAL_ACCENT_COLOR_NAME = AccentColor;
				CODE_SIGN_IDENTITY = "Apple Development: jiong zhang (55WYX9RNTD)";
				"CODE_SIGN_IDENTITY[sdk=iphoneos*]" = "Apple Development: jiong zhang (55WYX9RNTD)";
				CODE_SIGN_STYLE = Manual;
				CURRENT_PROJECT_VERSION = 1;
				DEVELOPMENT_TEAM = "";
				"DEVELOPMENT_TEAM[sdk=iphoneos*]" = TKRM4J3XJV;
				GENERATE_INFOPLIST_FILE = YES;
				INFOPLIST_FILE = A00MetricKit/Info.plist;
				INFOPLIST_KEY_UIApplicationSupportsIndirectInputEvents = YES;
				INFOPLIST_KEY_UILaunchStoryboardName = LaunchScreen;
				INFOPLIST_KEY_UIMainStoryboardFile = Main;
				INFOPLIST_KEY_UISupportedInterfaceOrientations_iPad = "UIInterfaceOrientationPortrait UIInterfaceOrientationPortraitUpsideDown UIInterfaceOrientationLandscapeLeft UIInterfaceOrientationLandscapeRight";
				INFOPLIST_KEY_UISupportedInterfaceOrientations_iPhone = "UIInterfaceOrientationPortrait UIInterfaceOrientationLandscapeLeft UIInterfaceOrientationLandscapeRight";
				IPHONEOS_DEPLOYMENT_TARGET = 13.0;
				LD_RUNPATH_SEARCH_PATHS = (
					"$(inherited)",
					"@executable_path/Frameworks",
				);
				MARKETING_VERSION = 1.0;
				PRODUCT_BUNDLE_IDENTIFIER = com.harry.A00MetricKit;
				PRODUCT_NAME = "$(TARGET_NAME)";
				PROVISIONING_PROFILE_SPECIFIER = "";
				"PROVISIONING_PROFILE_SPECIFIER[sdk=iphoneos*]" = JingxiDev_18;
				SWIFT_EMIT_LOC_STRINGS = YES;
				SWIFT_VERSION = 5.0;
				TARGETED_DEVICE_FAMILY = "1,2";
			};
			name = Debug;
		};
		D9A74CE72B1AC0700012132A /* Release */ = {
			isa = XCBuildConfiguration;
			buildSettings = {
				ASSETCATALOG_COMPILER_APPICON_NAME = AppIcon;
				ASSETCATALOG_COMPILER_GLOBAL_ACCENT_COLOR_NAME = AccentColor;
				"CODE_SIGN_IDENTITY[sdk=iphoneos*]" = "iPhone Developer";
				CODE_SIGN_STYLE = Manual;
				CURRENT_PROJECT_VERSION = 1;
				DEVELOPMENT_TEAM = "";
				"DEVELOPMENT_TEAM[sdk=iphoneos*]" = TKRM4J3XJV;
				GENERATE_INFOPLIST_FILE = YES;
				INFOPLIST_FILE = A00MetricKit/Info.plist;
				INFOPLIST_KEY_UIApplicationSupportsIndirectInputEvents = YES;
				INFOPLIST_KEY_UILaunchStoryboardName = LaunchScreen;
				INFOPLIST_KEY_UIMainStoryboardFile = Main;
				INFOPLIST_KEY_UISupportedInterfaceOrientations_iPad = "UIInterfaceOrientationPortrait UIInterfaceOrientationPortraitUpsideDown UIInterfaceOrientationLandscapeLeft UIInterfaceOrientationLandscapeRight";
				INFOPLIST_KEY_UISupportedInterfaceOrientations_iPhone = "UIInterfaceOrientationPortrait UIInterfaceOrientationLandscapeLeft UIInterfaceOrientationLandscapeRight";
				IPHONEOS_DEPLOYMENT_TARGET = 13.0;
				LD_RUNPATH_SEARCH_PATHS = (
					"$(inherited)",
					"@executable_path/Frameworks",
				);
				MARKETING_VERSION = 1.0;
				PRODUCT_BUNDLE_IDENTIFIER = com.harry.A00MetricKit;
				PRODUCT_NAME = "$(TARGET_NAME)";
				PROVISIONING_PROFILE_SPECIFIER = "";
				"PROVISIONING_PROFILE_SPECIFIER[sdk=iphoneos*]" = JingxiDev_18;
				SWIFT_EMIT_LOC_STRINGS = YES;
				SWIFT_VERSION = 5.0;
				TARGETED_DEVICE_FAMILY = "1,2";
			};
			name = Release;
		};
		D9A74CF42B1AC09D0012132A /* Debug */ = {
			isa = XCBuildConfiguration;
			buildSettings = {
				"CODE_SIGN_IDENTITY[sdk=iphoneos*]" = "Apple Development: jiong zhang (55WYX9RNTD)";
				"CODE_SIGN_IDENTITY[sdk=macosx*]" = "Apple Development: jiong zhang (55WYX9RNTD)";
				CODE_SIGN_STYLE = Manual;
				CURRENT_PROJECT_VERSION = 1;
				DEVELOPMENT_TEAM = "";
				"DEVELOPMENT_TEAM[sdk=iphoneos*]" = TKRM4J3XJV;
				GENERATE_INFOPLIST_FILE = YES;
				IPHONEOS_DEPLOYMENT_TARGET = 13.0;
				MARKETING_VERSION = 1.0;
				PRODUCT_BUNDLE_IDENTIFIER = com.harry.A00MetricKitUITests;
				PRODUCT_NAME = "$(TARGET_NAME)";
				PROVISIONING_PROFILE = "";
				PROVISIONING_PROFILE_SPECIFIER = "";
				"PROVISIONING_PROFILE_SPECIFIER[sdk=iphoneos*]" = JingxiDev_18;
				SWIFT_EMIT_LOC_STRINGS = NO;
				SWIFT_VERSION = 5.0;
				TARGETED_DEVICE_FAMILY = "1,2";
				TEST_TARGET_NAME = A00MetricKit;
			};
			name = Debug;
		};
		D9A74CF52B1AC09D0012132A /* Release */ = {
			isa = XCBuildConfiguration;
			buildSettings = {
				"CODE_SIGN_IDENTITY[sdk=iphoneos*]" = "iPhone Developer";
				CODE_SIGN_STYLE = Manual;
				CURRENT_PROJECT_VERSION = 1;
				DEVELOPMENT_TEAM = "";
				"DEVELOPMENT_TEAM[sdk=iphoneos*]" = TKRM4J3XJV;
				GENERATE_INFOPLIST_FILE = YES;
				IPHONEOS_DEPLOYMENT_TARGET = 13.0;
				MARKETING_VERSION = 1.0;
				PRODUCT_BUNDLE_IDENTIFIER = com.harry.A00MetricKitUITests;
				PRODUCT_NAME = "$(TARGET_NAME)";
				PROVISIONING_PROFILE = "";
				PROVISIONING_PROFILE_SPECIFIER = "";
				"PROVISIONING_PROFILE_SPECIFIER[sdk=iphoneos*]" = JingxiDev_18;
				SWIFT_EMIT_LOC_STRINGS = NO;
				SWIFT_VERSION = 5.0;
				TARGETED_DEVICE_FAMILY = "1,2";
				TEST_TARGET_NAME = A00MetricKit;
			};
			name = Release;
		};
/* End XCBuildConfiguration section */

/* Begin XCConfigurationList section */
		D9A74CCC2B1AC0700012132A /* Build configuration list for PBXProject "A00MetricKit" */ = {
			isa = XCConfigurationList;
			buildConfigurations = (
				D9A74CE32B1AC0700012132A /* Debug */,
				D9A74CE42B1AC0700012132A /* Release */,
			);
			defaultConfigurationIsVisible = 0;
			defaultConfigurationName = Release;
		};
		D9A74CE52B1AC0700012132A /* Build configuration list for PBXNativeTarget "A00MetricKit" */ = {
			isa = XCConfigurationList;
			buildConfigurations = (
				D9A74CE62B1AC0700012132A /* Debug */,
				D9A74CE72B1AC0700012132A /* Release */,
			);
			defaultConfigurationIsVisible = 0;
			defaultConfigurationName = Release;
		};
		D9A74CF62B1AC09D0012132A /* Build configuration list for PBXNativeTarget "A00MetricKitUITests" */ = {
			isa = XCConfigurationList;
			buildConfigurations = (
				D9A74CF42B1AC09D0012132A /* Debug */,
				D9A74CF52B1AC09D0012132A /* Release */,
			);
			defaultConfigurationIsVisible = 0;
			defaultConfigurationName = Release;
		};
/* End XCConfigurationList section */
	};
	rootObject = D9A74CC92B1AC0700012132A /* Project object */;
}
